
Microsoft Visual Studio Solution File, Format Version 12.00
# Visual Studio Version 17
VisualStudioVersion = 17.8.34330.188
MinimumVisualStudioVersion = 10.0.40219.1
Project("{FAE04EC0-301F-11D3-BF4B-00C04F79EFBC}") = "tpmodul5_103022300118", "tpmodul5_103022300118\tpmodul5_103022300118.csproj", "{5BED5575-1B70-487F-8FEF-C303B42EF963}"
EndProject
Global
	GlobalSection(SolutionConfigurationPlatforms) = preSolution
		Debug|Any CPU = Debug|Any CPU
		Release|Any CPU = Release|Any CPU
	EndGlobalSection
	GlobalSection(ProjectConfigurationPlatforms) = postSolution
		{5BED5575-1B70-487F-8FEF-C303B42EF963}.Debug|Any CPU.ActiveCfg = Debug|Any CPU
		{5BED5575-1B70-487F-8FEF-C303B42EF963}.Debug|Any CPU.Build.0 = Debug|Any CPU
		{5BED5575-1B70-487F-8FEF-C303B42EF963}.Release|Any CPU.ActiveCfg = Release|Any CPU
		{5BED5575-1B70-487F-8FEF-C303B42EF963}.Release|Any CPU.Build.0 = Release|Any CPU
	EndGlobalSection
	GlobalSection(SolutionProperties) = preSolution
		HideSolutionNode = FALSE
	EndGlobalSection
	GlobalSection(ExtensibilityGlobals) = postSolution
		SolutionGuid = {05EC51DF-62F9-49C8-ABD4-C81D65913415}
	EndGlobalSection
EndGlobal
